
Microsoft Visual Studio Solution File, Format Version 12.00
# Visual Studio 14
VisualStudioVersion = 14.0.25420.1
MinimumVisualStudioVersion = 10.0.40219.1
Project("{FAE04EC0-301F-11D3-BF4B-00C04F79EFBC}") = "ArduinoProjeto", "ArduinoProjeto\ArduinoProjeto.csproj", "{ABC15BC5-51E6-4392-9840-05FE7ED3484F}"
EndProject
Project("{FAE04EC0-301F-11D3-BF4B-00C04F79EFBC}") = "Modelos", "Modelo\Modelos.csproj", "{7494DDE6-B874-42B8-95B5-FCFEB5BEAED3}"
EndProject
Project("{FAE04EC0-301F-11D3-BF4B-00C04F79EFBC}") = "Persistencia", "Persistencia\Persistencia.csproj", "{352651B2-8AE6-409F-9F43-2593C2E9561E}"
EndProject
Project("{FAE04EC0-301F-11D3-BF4B-00C04F79EFBC}") = "Servico", "Servico\Servico.csproj", "{C02724B2-55F3-4572-B751-59A97B56C4CD}"
EndProject
Global
	GlobalSection(SolutionConfigurationPlatforms) = preSolution
		Debug|Any CPU = Debug|Any CPU
		Release|Any CPU = Release|Any CPU
	EndGlobalSection
	GlobalSection(ProjectConfigurationPlatforms) = postSolution
		{ABC15BC5-51E6-4392-9840-05FE7ED3484F}.Debug|Any CPU.ActiveCfg = Debug|Any CPU
		{ABC15BC5-51E6-4392-9840-05FE7ED3484F}.Debug|Any CPU.Build.0 = Debug|Any CPU
		{ABC15BC5-51E6-4392-9840-05FE7ED3484F}.Release|Any CPU.ActiveCfg = Release|Any CPU
		{ABC15BC5-51E6-4392-9840-05FE7ED3484F}.Release|Any CPU.Build.0 = Release|Any CPU
		{7494DDE6-B874-42B8-95B5-FCFEB5BEAED3}.Debug|Any CPU.ActiveCfg = Debug|Any CPU
		{7494DDE6-B874-42B8-95B5-FCFEB5BEAED3}.Debug|Any CPU.Build.0 = Debug|Any CPU
		{7494DDE6-B874-42B8-95B5-FCFEB5BEAED3}.Release|Any CPU.ActiveCfg = Release|Any CPU
		{7494DDE6-B874-42B8-95B5-FCFEB5BEAED3}.Release|Any CPU.Build.0 = Release|Any CPU
		{352651B2-8AE6-409F-9F43-2593C2E9561E}.Debug|Any CPU.ActiveCfg = Debug|Any CPU
		{352651B2-8AE6-409F-9F43-2593C2E9561E}.Debug|Any CPU.Build.0 = Debug|Any CPU
		{352651B2-8AE6-409F-9F43-2593C2E9561E}.Release|Any CPU.ActiveCfg = Release|Any CPU
		{352651B2-8AE6-409F-9F43-2593C2E9561E}.Release|Any CPU.Build.0 = Release|Any CPU
		{C02724B2-55F3-4572-B751-59A97B56C4CD}.Debug|Any CPU.ActiveCfg = Debug|Any CPU
		{C02724B2-55F3-4572-B751-59A97B56C4CD}.Debug|Any CPU.Build.0 = Debug|Any CPU
		{C02724B2-55F3-4572-B751-59A97B56C4CD}.Release|Any CPU.ActiveCfg = Release|Any CPU
		{C02724B2-55F3-4572-B751-59A97B56C4CD}.Release|Any CPU.Build.0 = Release|Any CPU
	EndGlobalSection
	GlobalSection(SolutionProperties) = preSolution
		HideSolutionNode = FALSE
	EndGlobalSection
EndGlobal
